<?xml version="1.0" encoding="utf-8"?>
<Project ToolsVersion="4.0" xmlns="http://schemas.microsoft.com/developer/msbuild/2003">
  <ItemGroup>
    <Filter Include="Source Files">
      <UniqueIdentifier>{4FC737F1-C7A5-4376-A066-2A32D752A2FF}</UniqueIdentifier>
      <Extensions>cpp;c;cc;cxx;def;odl;idl;hpj;bat;asm;asmx</Extensions>
    </Filter>
    <Filter Include="Header Files">
      <UniqueIdentifier>{93995380-89BD-4b04-88EB-625FBE52EBFB}</UniqueIdentifier>
      <Extensions>h;hh;hpp;hxx;hm;inl;inc;xsd</Extensions>
    </Filter>
    <Filter Include="Header Files\PyInterfaceHeader">
      <UniqueIdentifier>{627f98a8-9f68-42b1-bc4c-a647095eb411}</UniqueIdentifier>
    </Filter>
    <Filter Include="Header Files\CppHeader">
      <UniqueIdentifier>{0379dabe-a8ec-435b-916b-bb44d4e68312}</UniqueIdentifier>
    </Filter>
    <Filter Include="Source Files\CppSource">
      <UniqueIdentifier>{41cfc94f-0cb9-427b-8ccc-ace7732e8264}</UniqueIdentifier>
    </Filter>
    <Filter Include="Source Files\PyInterfaceSource">
      <UniqueIdentifier>{fedad237-f9f9-4e2f-8bd7-2b4c7bd16cd7}</UniqueIdentifier>
    </Filter>
  </ItemGroup>
  <ItemGroup>
    <ClInclude Include="Algorithms.h">
      <Filter>Header Files\CppHeader</Filter>
    </ClInclude>
    <ClInclude Include="Edge.h">
      <Filter>Header Files\CppHeader</Filter>
    </ClInclude>
    <ClInclude Include="Graph.h">
      <Filter>Header Files\CppHeader</Filter>
    </ClInclude>
    <ClInclude Include="Vector2d.h">
      <Filter>Header Files\CppHeader</Filter>
    </ClInclude>
    <ClInclude Include="Vertex.h">
      <Filter>Header Files\CppHeader</Filter>
    </ClInclude>
    <ClInclude Include="Workspace.h">
      <Filter>Header Files\CppHeader</Filter>
    </ClInclude>
    <ClInclude Include="PyInterfaceEdge.h">
      <Filter>Header Files\PyInterfaceHeader</Filter>
    </ClInclude>
    <ClInclude Include="PyInterfaceGraph.h">
      <Filter>Header Files\PyInterfaceHeader</Filter>
    </ClInclude>
    <ClInclude Include="PyInterfaceVector2d.h">
      <Filter>Header Files\PyInterfaceHeader</Filter>
    </ClInclude>
    <ClInclude Include="PyInterfaceVertex.h">
      <Filter>Header Files\PyInterfaceHeader</Filter>
    </ClInclude>
    <ClInclude Include="PyInterfaceWorkspace.h">
      <Filter>Header Files\PyInterfaceHeader</Filter>
    </ClInclude>
  </ItemGroup>
  <ItemGroup>
    <ClCompile Include="Algorithms.cpp">
      <Filter>Source Files\CppSource</Filter>
    </ClCompile>
    <ClCompile Include="EasyDebug.cpp">
      <Filter>Source Files\CppSource</Filter>
    </ClCompile>
    <ClCompile Include="Edge.cpp">
      <Filter>Source Files\CppSource</Filter>
    </ClCompile>
    <ClCompile Include="Graph.cpp">
      <Filter>Source Files\CppSource</Filter>
    </ClCompile>
    <ClCompile Include="Vector2d.cpp">
      <Filter>Source Files\CppSource</Filter>
    </ClCompile>
    <ClCompile Include="Vertex.cpp">
      <Filter>Source Files\CppSource</Filter>
    </ClCompile>
    <ClCompile Include="Workspace.cpp">
      <Filter>Source Files\CppSource</Filter>
    </ClCompile>
    <ClCompile Include="PyInterfaceEdge.cpp">
      <Filter>Source Files\PyInterfaceSource</Filter>
    </ClCompile>
    <ClCompile Include="PyInterfaceGraph.cpp">
      <Filter>Source Files\PyInterfaceSource</Filter>
    </ClCompile>
    <ClCompile Include="PyInterfaceMain.cpp">
      <Filter>Source Files\PyInterfaceSource</Filter>
    </ClCompile>
    <ClCompile Include="PyInterfaceVector2d.cpp">
      <Filter>Source Files\PyInterfaceSource</Filter>
    </ClCompile>
    <ClCompile Include="PyInterfaceVertex.cpp">
      <Filter>Source Files\PyInterfaceSource</Filter>
    </ClCompile>
    <ClCompile Include="PyInterfaceWorkspace.cpp">
      <Filter>Source Files\PyInterfaceSource</Filter>
    </ClCompile>
  </ItemGroup>
  <ItemGroup>
    <None Include="setup.py" />
  </ItemGroup>
  <ItemGroup>
    <Text Include="..\LICENSE.txt" />
  </ItemGroup>
</Project>